
Microsoft Visual Studio Solution File, Format Version 12.00
# Visual Studio Version 16
VisualStudioVersion = 16.0.30523.141
MinimumVisualStudioVersion = 10.0.40219.1
Project("{FAE04EC0-301F-11D3-BF4B-00C04F79EFBC}") = "Féléves beadandó Tetrisz PBVGD1", "Féléves beadandó Tetrisz\Féléves beadandó Tetrisz PBVGD1.csproj", "{0AA1FA4B-6D23-4734-B938-8F530C2FB71E}"
EndProject
Global
	GlobalSection(SolutionConfigurationPlatforms) = preSolution
		Debug|Any CPU = Debug|Any CPU
		Release|Any CPU = Release|Any CPU
	EndGlobalSection
	GlobalSection(ProjectConfigurationPlatforms) = postSolution
		{0AA1FA4B-6D23-4734-B938-8F530C2FB71E}.Debug|Any CPU.ActiveCfg = Debug|Any CPU
		{0AA1FA4B-6D23-4734-B938-8F530C2FB71E}.Debug|Any CPU.Build.0 = Debug|Any CPU
		{0AA1FA4B-6D23-4734-B938-8F530C2FB71E}.Release|Any CPU.ActiveCfg = Release|Any CPU
		{0AA1FA4B-6D23-4734-B938-8F530C2FB71E}.Release|Any CPU.Build.0 = Release|Any CPU
	EndGlobalSection
	GlobalSection(SolutionProperties) = preSolution
		HideSolutionNode = FALSE
	EndGlobalSection
	GlobalSection(ExtensibilityGlobals) = postSolution
		SolutionGuid = {6860E39F-B6AD-4066-AD39-C2BF3AC35B41}
	EndGlobalSection
EndGlobal
